
Microsoft Visual Studio Solution File, Format Version 12.00
# Visual Studio Version 16
VisualStudioVersion = 16.0.29728.190
MinimumVisualStudioVersion = 10.0.40219.1
Project("{FAE04EC0-301F-11D3-BF4B-00C04F79EFBC}") = "ConfigMapInK8s", "ConfigMapInK8s.csproj", "{C7ABA46E-A6D7-41BA-9D38-5BBF1DE5065B}"
EndProject
Global
	GlobalSection(SolutionConfigurationPlatforms) = preSolution
		Debug|Any CPU = Debug|Any CPU
		Release|Any CPU = Release|Any CPU
	EndGlobalSection
	GlobalSection(ProjectConfigurationPlatforms) = postSolution
		{C7ABA46E-A6D7-41BA-9D38-5BBF1DE5065B}.Debug|Any CPU.ActiveCfg = Debug|Any CPU
		{C7ABA46E-A6D7-41BA-9D38-5BBF1DE5065B}.Debug|Any CPU.Build.0 = Debug|Any CPU
		{C7ABA46E-A6D7-41BA-9D38-5BBF1DE5065B}.Release|Any CPU.ActiveCfg = Release|Any CPU
		{C7ABA46E-A6D7-41BA-9D38-5BBF1DE5065B}.Release|Any CPU.Build.0 = Release|Any CPU
	EndGlobalSection
	GlobalSection(SolutionProperties) = preSolution
		HideSolutionNode = FALSE
	EndGlobalSection
	GlobalSection(ExtensibilityGlobals) = postSolution
		SolutionGuid = {36F18EF1-BF74-418E-BAC2-EC28C937B819}
	EndGlobalSection
EndGlobal
